Microsoft Visual Studio Solution File, Format Version 12.00
# Visual Studio Version 17
VisualStudioVersion = 17.11.35208.52
MinimumVisualStudioVersion = 10.0.40219.1
Project("{2150E333-8FDC-42A3-9474-1A3956D46DE8}") = "Solution Items", "Solution Items", "{5CBF8D58-E8AD-4046-9999-9A1E11537F33}"
	ProjectSection(SolutionItems) = preProject
		.github\workflows\dotnet.yml = .github\workflows\dotnet.yml
	EndProjectSection
EndProject
Project("{FAE04EC0-301F-11D3-BF4B-00C04F79EFBC}") = "OliveStudio.Helpers", "src\OliveStudio.Helpers\OliveStudio.Helpers.csproj", "{8FBFDE10-ACA0-5CD8-2DE5-7E846EAC9B5F}"
EndProject
Global
	GlobalSection(SolutionConfigurationPlatforms) = preSolution
		Debug|Any CPU = Debug|Any CPU
		Release|Any CPU = Release|Any CPU
	EndGlobalSection
	GlobalSection(ProjectConfigurationPlatforms) = postSolution
		{8FBFDE10-ACA0-5CD8-2DE5-7E846EAC9B5F}.Debug|Any CPU.ActiveCfg = Debug|Any CPU
		{8FBFDE10-ACA0-5CD8-2DE5-7E846EAC9B5F}.Debug|Any CPU.Build.0 = Debug|Any CPU
		{8FBFDE10-ACA0-5CD8-2DE5-7E846EAC9B5F}.Release|Any CPU.ActiveCfg = Release|Any CPU
		{8FBFDE10-ACA0-5CD8-2DE5-7E846EAC9B5F}.Release|Any CPU.Build.0 = Release|Any CPU
	EndGlobalSection
	GlobalSection(SolutionProperties) = preSolution
		HideSolutionNode = FALSE
	EndGlobalSection
	GlobalSection(ExtensibilityGlobals) = postSolution
		SolutionGuid = {6799FAD1-F6B1-460A-918A-8BF1E75EA3AF}
	EndGlobalSection
EndGlobal
